{
  "name": "server",
  "lockfileVersion": 2,
  "requires": true,
  "packages": {
    "": {
      "devDependencies": {
        "@types/ragemp-s": "github:CocaColaBear/types-ragemp-s#v1.0",
        "typescript": "^4.1.5"
      }
    },
    "node_modules/@types/ragemp-s": {
      "version": "1.1.1",
      "resolved": "git+ssh://git@github.com/CocaColaBear/types-ragemp-s.git#68e985d47e6eb7191d5a0d2e4592519bae15012b",
      "dev": true,
      "license": "MIT"
    },
    "node_modules/typescript": {
      "version": "4.1.5",
      "resolved": "https://registry.npmjs.org/typescript/-/typescript-4.1.5.tgz",
      "integrity": "sha512-6OSu9PTIzmn9TCDiovULTnET6BgXtDYL4Gg4szY+cGsc3JP1dQL8qvE8kShTRx1NIw4Q9IBHlwODjkjWEtMUyA==",
      "dev": true,
      "bin": {
        "tsc": "bin/tsc",
        "tsserver": "bin/tsserver"
      },
      "engines": {
        "node": ">=4.2.0"
      }
    }
  },
  "dependencies": {
    "@types/ragemp-s": {
      "version": "git+ssh://git@github.com/CocaColaBear/types-ragemp-s.git#68e985d47e6eb7191d5a0d2e4592519bae15012b",
      "dev": true,
      "from": "@types/ragemp-s@github:CocaColaBear/types-ragemp-s#v1.0"
    },
    "typescript": {
      "version": "4.1.5",
      "resolved": "https://registry.npmjs.org/typescript/-/typescript-4.1.5.tgz",
      "integrity": "sha512-6OSu9PTIzmn9TCDiovULTnET6BgXtDYL4Gg4szY+cGsc3JP1dQL8qvE8kShTRx1NIw4Q9IBHlwODjkjWEtMUyA==",
      "dev": true
    }
  }
}
